
Microsoft Visual Studio Solution File, Format Version 12.00
# Visual Studio Version 17
VisualStudioVersion = 17.0.32014.148
MinimumVisualStudioVersion = 10.0.40219.1
Project("{8BC9CEB8-8B4A-11D0-8D11-00A0C91BC942}") = "memberFunction", "memberFunction.vcxproj", "{8D438454-D576-4911-9FBB-44AB98DF0BB7}"
EndProject
Global
	GlobalSection(SolutionConfigurationPlatforms) = preSolution
		Debug|x64 = Debug|x64
		Debug|x86 = Debug|x86
		Release|x64 = Release|x64
		Release|x86 = Release|x86
	EndGlobalSection
	GlobalSection(ProjectConfigurationPlatforms) = postSolution
		{8D438454-D576-4911-9FBB-44AB98DF0BB7}.Debug|x64.ActiveCfg = Debug|x64
		{8D438454-D576-4911-9FBB-44AB98DF0BB7}.Debug|x64.Build.0 = Debug|x64
		{8D438454-D576-4911-9FBB-44AB98DF0BB7}.Debug|x86.ActiveCfg = Debug|Win32
		{8D438454-D576-4911-9FBB-44AB98DF0BB7}.Debug|x86.Build.0 = Debug|Win32
		{8D438454-D576-4911-9FBB-44AB98DF0BB7}.Release|x64.ActiveCfg = Release|x64
		{8D438454-D576-4911-9FBB-44AB98DF0BB7}.Release|x64.Build.0 = Release|x64
		{8D438454-D576-4911-9FBB-44AB98DF0BB7}.Release|x86.ActiveCfg = Release|Win32
		{8D438454-D576-4911-9FBB-44AB98DF0BB7}.Release|x86.Build.0 = Release|Win32
	EndGlobalSection
	GlobalSection(SolutionProperties) = preSolution
		HideSolutionNode = FALSE
	EndGlobalSection
	GlobalSection(ExtensibilityGlobals) = postSolution
		SolutionGuid = {773A5E8A-0F2F-4A21-8D21-DE85CF83D7EA}
	EndGlobalSection
EndGlobal
